<Solution>
  <Folder Name="/Ports/">
    <Project Path="OroAvalonia.Ports.SettingsAccess/OroAvalonia.Ports.SettingsAccess.csproj" Id="e19c897a-009b-4c70-a0b8-9fe0c77c9833" />
  </Folder>
  <Folder Name="/SolutionItems/">
    <File Path="Directory.Build.props" />
  </Folder>
  <Project Path="OroAvalonia.Infrastructure.Jobs/OroAvalonia.Infrastructure.Jobs.csproj" Id="651c7830-d07d-4467-8218-f504e642657a" />
  <Project Path="OroAvalonia.Presentation.CustomControls/OroAvalonia.Presentation.CustomControls.csproj" Id="35cc04cd-20fa-4a61-91db-2260942b3f86" />
  <Project Path="OroAvalonia.Presentation/OroAvalonia.Presentation.csproj" Id="8f0dcd73-2835-4790-9862-f0ef68a1a555" />
  <Project Path="OroAvalonia/OroAvalonia.csproj" Id="549887b9-7d84-4699-87d8-c84514d13a7d" />
  <Project Path="OroWpf.Infrastructure.PageModel/OroAvalonia.Infrastructure.PageModel.csproj" Id="272d9804-3c08-4529-9abb-5e355af8048c" />
</Solution>